// !$*UTF8*$!
{
	archiveVersion = 1;
	classes = {
	};
	objectVersion = 50;
	objects = {

/* Begin PBXBuildFile section */
		F314C1D8243E5C8B00C25C84 /* TileSolver.swift in Sources */ = {isa = PBXBuildFile; fileRef = F314C1D7243E5C8B00C25C84 /* TileSolver.swift */; };
		F37B6A3E243E33010076E5D7 /* AppDelegate.swift in Sources */ = {isa = PBXBuildFile; fileRef = F37B6A3D243E33010076E5D7 /* AppDelegate.swift */; };
		F37B6A40243E33010076E5D7 /* SceneDelegate.swift in Sources */ = {isa = PBXBuildFile; fileRef = F37B6A3F243E33010076E5D7 /* SceneDelegate.swift */; };
		F37B6A42243E33010076E5D7 /* MainCollectionView.swift in Sources */ = {isa = PBXBuildFile; fileRef = F37B6A41243E33010076E5D7 /* MainCollectionView.swift */; };
		F37B6A47243E33030076E5D7 /* Assets.xcassets in Resources */ = {isa = PBXBuildFile; fileRef = F37B6A46243E33030076E5D7 /* Assets.xcassets */; };
		F37B6A4A243E33030076E5D7 /* LaunchScreen.storyboard in Resources */ = {isa = PBXBuildFile; fileRef = F37B6A48243E33030076E5D7 /* LaunchScreen.storyboard */; };
		F37B6A52243E33FA0076E5D7 /* TileCell.swift in Sources */ = {isa = PBXBuildFile; fileRef = F37B6A51243E33FA0076E5D7 /* TileCell.swift */; };
		F37B6A54243E34670076E5D7 /* Tile.swift in Sources */ = {isa = PBXBuildFile; fileRef = F37B6A53243E34670076E5D7 /* Tile.swift */; };
		F37B6A56243E454A0076E5D7 /* TileManager.swift in Sources */ = {isa = PBXBuildFile; fileRef = F37B6A55243E454A0076E5D7 /* TileManager.swift */; };
		F3864717248B5BDF00B928B5 /* TileGroup.swift in Sources */ = {isa = PBXBuildFile; fileRef = F3864716248B5BDF00B928B5 /* TileGroup.swift */; };
		F39636B82485C9C900FA7FF6 /* AnswerView.swift in Sources */ = {isa = PBXBuildFile; fileRef = F39636B72485C9C900FA7FF6 /* AnswerView.swift */; };
		F39F2451248EF9480033F132 /* Scenarios.swift in Sources */ = {isa = PBXBuildFile; fileRef = F39F2450248EF9480033F132 /* Scenarios.swift */; };
		F3C539CC24788A83005D2C47 /* Extensions.swift in Sources */ = {isa = PBXBuildFile; fileRef = F3C539CB24788A83005D2C47 /* Extensions.swift */; };
/* End PBXBuildFile section */

/* Begin PBXFileReference section */
		F314C1D7243E5C8B00C25C84 /* TileSolver.swift */ = {isa = PBXFileReference; lastKnownFileType = sourcecode.swift; path = TileSolver.swift; sourceTree = "<group>"; };
		F37B6A3A243E33010076E5D7 /* rumikub-solver.app */ = {isa = PBXFileReference; explicitFileType = wrapper.application; includeInIndex = 0; path = "rumikub-solver.app"; sourceTree = BUILT_PRODUCTS_DIR; };
		F37B6A3D243E33010076E5D7 /* AppDelegate.swift */ = {isa = PBXFileReference; lastKnownFileType = sourcecode.swift; path = AppDelegate.swift; sourceTree = "<group>"; };
		F37B6A3F243E33010076E5D7 /* SceneDelegate.swift */ = {isa = PBXFileReference; lastKnownFileType = sourcecode.swift; path = SceneDelegate.swift; sourceTree = "<group>"; };
		F37B6A41243E33010076E5D7 /* MainCollectionView.swift */ = {isa = PBXFileReference; lastKnownFileType = sourcecode.swift; path = MainCollectionView.swift; sourceTree = "<group>"; };
		F37B6A46243E33030076E5D7 /* Assets.xcassets */ = {isa = PBXFileReference; lastKnownFileType = folder.assetcatalog; path = Assets.xcassets; sourceTree = "<group>"; };
		F37B6A49243E33030076E5D7 /* Base */ = {isa = PBXFileReference; lastKnownFileType = file.storyboard; name = Base; path = Base.lproj/LaunchScreen.storyboard; sourceTree = "<group>"; };
		F37B6A4B243E33030076E5D7 /* Info.plist */ = {isa = PBXFileReference; lastKnownFileType = text.plist.xml; path = Info.plist; sourceTree = "<group>"; };
		F37B6A51243E33FA0076E5D7 /* TileCell.swift */ = {isa = PBXFileReference; lastKnownFileType = sourcecode.swift; path = TileCell.swift; sourceTree = "<group>"; };
		F37B6A53243E34670076E5D7 /* Tile.swift */ = {isa = PBXFileReference; lastKnownFileType = sourcecode.swift; path = Tile.swift; sourceTree = "<group>"; };
		F37B6A55243E454A0076E5D7 /* TileManager.swift */ = {isa = PBXFileReference; lastKnownFileType = sourcecode.swift; path = TileManager.swift; sourceTree = "<group>"; };
		F3864716248B5BDF00B928B5 /* TileGroup.swift */ = {isa = PBXFileReference; lastKnownFileType = sourcecode.swift; path = TileGroup.swift; sourceTree = "<group>"; };
		F39636B72485C9C900FA7FF6 /* AnswerView.swift */ = {isa = PBXFileReference; lastKnownFileType = sourcecode.swift; path = AnswerView.swift; sourceTree = "<group>"; };
		F39F2450248EF9480033F132 /* Scenarios.swift */ = {isa = PBXFileReference; lastKnownFileType = sourcecode.swift; path = Scenarios.swift; sourceTree = "<group>"; };
		F3C539CB24788A83005D2C47 /* Extensions.swift */ = {isa = PBXFileReference; lastKnownFileType = sourcecode.swift; path = Extensions.swift; sourceTree = "<group>"; };
/* End PBXFileReference section */

/* Begin PBXFrameworksBuildPhase section */
		F37B6A37243E33010076E5D7 /* Frameworks */ = {
			isa = PBXFrameworksBuildPhase;
			buildActionMask = 2147483647;
			files = (
			);
			runOnlyForDeploymentPostprocessing = 0;
		};
/* End PBXFrameworksBuildPhase section */

/* Begin PBXGroup section */
		F37B6A31243E33010076E5D7 = {
			isa = PBXGroup;
			children = (
				F37B6A3C243E33010076E5D7 /* rumikub-solver */,
				F37B6A3B243E33010076E5D7 /* Products */,
			);
			sourceTree = "<group>";
		};
		F37B6A3B243E33010076E5D7 /* Products */ = {
			isa = PBXGroup;
			children = (
				F37B6A3A243E33010076E5D7 /* rumikub-solver.app */,
			);
			name = Products;
			sourceTree = "<group>";
		};
		F37B6A3C243E33010076E5D7 /* rumikub-solver */ = {
			isa = PBXGroup;
			children = (
				F37B6A3D243E33010076E5D7 /* AppDelegate.swift */,
				F37B6A3F243E33010076E5D7 /* SceneDelegate.swift */,
				F37B6A41243E33010076E5D7 /* MainCollectionView.swift */,
				F39636B72485C9C900FA7FF6 /* AnswerView.swift */,
				F37B6A51243E33FA0076E5D7 /* TileCell.swift */,
				F37B6A55243E454A0076E5D7 /* TileManager.swift */,
				F314C1D7243E5C8B00C25C84 /* TileSolver.swift */,
				F3864716248B5BDF00B928B5 /* TileGroup.swift */,
				F37B6A53243E34670076E5D7 /* Tile.swift */,
				F39F2450248EF9480033F132 /* Scenarios.swift */,
				F3C539CB24788A83005D2C47 /* Extensions.swift */,
				F37B6A46243E33030076E5D7 /* Assets.xcassets */,
				F37B6A48243E33030076E5D7 /* LaunchScreen.storyboard */,
				F37B6A4B243E33030076E5D7 /* Info.plist */,
			);
			path = "rumikub-solver";
			sourceTree = "<group>";
		};
/* End PBXGroup section */

/* Begin PBXNativeTarget section */
		F37B6A39243E33010076E5D7 /* rumikub-solver */ = {
			isa = PBXNativeTarget;
			buildConfigurationList = F37B6A4E243E33030076E5D7 /* Build configuration list for PBXNativeTarget "rumikub-solver" */;
			buildPhases = (
				F37B6A36243E33010076E5D7 /* Sources */,
				F37B6A37243E33010076E5D7 /* Frameworks */,
				F37B6A38243E33010076E5D7 /* Resources */,
			);
			buildRules = (
			);
			dependencies = (
			);
			name = "rumikub-solver";
			productName = "rumikub-solver";
			productReference = F37B6A3A243E33010076E5D7 /* rumikub-solver.app */;
			productType = "com.apple.product-type.application";
		};
/* End PBXNativeTarget section */

/* Begin PBXProject section */
		F37B6A32243E33010076E5D7 /* Project object */ = {
			isa = PBXProject;
			attributes = {
				LastSwiftUpdateCheck = 1140;
				LastUpgradeCheck = 1140;
				ORGANIZATIONNAME = skite;
				TargetAttributes = {
					F37B6A39243E33010076E5D7 = {
						CreatedOnToolsVersion = 11.4;
					};
				};
			};
			buildConfigurationList = F37B6A35243E33010076E5D7 /* Build configuration list for PBXProject "rumikub-solver" */;
			compatibilityVersion = "Xcode 9.3";
			developmentRegion = en;
			hasScannedForEncodings = 0;
			knownRegions = (
				en,
				Base,
			);
			mainGroup = F37B6A31243E33010076E5D7;
			productRefGroup = F37B6A3B243E33010076E5D7 /* Products */;
			projectDirPath = "";
			projectRoot = "";
			targets = (
				F37B6A39243E33010076E5D7 /* rumikub-solver */,
			);
		};
/* End PBXProject section */

/* Begin PBXResourcesBuildPhase section */
		F37B6A38243E33010076E5D7 /* Resources */ = {
			isa = PBXResourcesBuildPhase;
			buildActionMask = 2147483647;
			files = (
				F37B6A4A243E33030076E5D7 /* LaunchScreen.storyboard in Resources */,
				F37B6A47243E33030076E5D7 /* Assets.xcassets in Resources */,
			);
			runOnlyForDeploymentPostprocessing = 0;
		};
/* End PBXResourcesBuildPhase section */

/* Begin PBXSourcesBuildPhase section */
		F37B6A36243E33010076E5D7 /* Sources */ = {
			isa = PBXSourcesBuildPhase;
			buildActionMask = 2147483647;
			files = (
				F37B6A42243E33010076E5D7 /* MainCollectionView.swift in Sources */,
				F314C1D8243E5C8B00C25C84 /* TileSolver.swift in Sources */,
				F39F2451248EF9480033F132 /* Scenarios.swift in Sources */,
				F37B6A3E243E33010076E5D7 /* AppDelegate.swift in Sources */,
				F39636B82485C9C900FA7FF6 /* AnswerView.swift in Sources */,
				F3C539CC24788A83005D2C47 /* Extensions.swift in Sources */,
				F3864717248B5BDF00B928B5 /* TileGroup.swift in Sources */,
				F37B6A54243E34670076E5D7 /* Tile.swift in Sources */,
				F37B6A56243E454A0076E5D7 /* TileManager.swift in Sources */,
				F37B6A52243E33FA0076E5D7 /* TileCell.swift in Sources */,
				F37B6A40243E33010076E5D7 /* SceneDelegate.swift in Sources */,
			);
			runOnlyForDeploymentPostprocessing = 0;
		};
/* End PBXSourcesBuildPhase section */

/* Begin PBXVariantGroup section */
		F37B6A48243E33030076E5D7 /* LaunchScreen.storyboard */ = {
			isa = PBXVariantGroup;
			children = (
				F37B6A49243E33030076E5D7 /* Base */,
			);
			name = LaunchScreen.storyboard;
			sourceTree = "<group>";
		};
/* End PBXVariantGroup section */

/* Begin XCBuildConfiguration section */
		F37B6A4C243E33030076E5D7 /* Debug */ = {
			isa = XCBuildConfiguration;
			buildSettings = {
				ALWAYS_SEARCH_USER_PATHS = NO;
				CLANG_ANALYZER_NONNULL = YES;
				CLANG_ANALYZER_NUMBER_OBJECT_CONVERSION = YES_AGGRESSIVE;
				CLANG_CXX_LANGUAGE_STANDARD = "gnu++14";
				CLANG_CXX_LIBRARY = "libc++";
				CLANG_ENABLE_MODULES = YES;
				CLANG_ENABLE_OBJC_ARC = YES;
				CLANG_ENABLE_OBJC_WEAK = YES;
				CLANG_WARN_BLOCK_CAPTURE_AUTORELEASING = YES;
				CLANG_WARN_BOOL_CONVERSION = YES;
				CLANG_WARN_COMMA = YES;
				CLANG_WARN_CONSTANT_CONVERSION = YES;
				CLANG_WARN_DEPRECATED_OBJC_IMPLEMENTATIONS = YES;
				CLANG_WARN_DIRECT_OBJC_ISA_USAGE = YES_ERROR;
				CLANG_WARN_DOCUMENTATION_COMMENTS = YES;
				CLANG_WARN_EMPTY_BODY = YES;
				CLANG_WARN_ENUM_CONVERSION = YES;
				CLANG_WARN_INFINITE_RECURSION = YES;
				CLANG_WARN_INT_CONVERSION = YES;
				CLANG_WARN_NON_LITERAL_NULL_CONVERSION = YES;
				CLANG_WARN_OBJC_IMPLICIT_RETAIN_SELF = YES;
				CLANG_WARN_OBJC_LITERAL_CONVERSION = YES;
				CLANG_WARN_OBJC_ROOT_CLASS = YES_ERROR;
				CLANG_WARN_RANGE_LOOP_ANALYSIS = YES;
				CLANG_WARN_STRICT_PROTOTYPES = YES;
				CLANG_WARN_SUSPICIOUS_MOVE = YES;
				CLANG_WARN_UNGUARDED_AVAILABILITY = YES_AGGRESSIVE;
				CLANG_WARN_UNREACHABLE_CODE = YES;
				CLANG_WARN__DUPLICATE_METHOD_MATCH = YES;
				COPY_PHASE_STRIP = NO;
				DEBUG_INFORMATION_FORMAT = dwarf;
				ENABLE_STRICT_OBJC_MSGSEND = YES;
				ENABLE_TESTABILITY = YES;
				GCC_C_LANGUAGE_STANDARD = gnu11;
				GCC_DYNAMIC_NO_PIC = NO;
				GCC_NO_COMMON_BLOCKS = YES;
				GCC_OPTIMIZATION_LEVEL = 0;
				GCC_PREPROCESSOR_DEFINITIONS = (
					"DEBUG=1",
					"$(inherited)",
				);
				GCC_WARN_64_TO_32_BIT_CONVERSION = YES;
				GCC_WARN_ABOUT_RETURN_TYPE = YES_ERROR;
				GCC_WARN_UNDECLARED_SELECTOR = YES;
				GCC_WARN_UNINITIALIZED_AUTOS = YES_AGGRESSIVE;
				GCC_WARN_UNUSED_FUNCTION = YES;
				GCC_WARN_UNUSED_VARIABLE = YES;
				IPHONEOS_DEPLOYMENT_TARGET = 13.4;
				MTL_ENABLE_DEBUG_INFO = INCLUDE_SOURCE;
				MTL_FAST_MATH = YES;
				ONLY_ACTIVE_ARCH = YES;
				SDKROOT = iphoneos;
				SWIFT_ACTIVE_COMPILATION_CONDITIONS = DEBUG;
				SWIFT_OPTIMIZATION_LEVEL = "-Onone";
			};
			name = Debug;
		};
		F37B6A4D243E33030076E5D7 /* Release */ = {
			isa = XCBuildConfiguration;
			buildSettings = {
				ALWAYS_SEARCH_USER_PATHS = NO;
				CLANG_ANALYZER_NONNULL = YES;
				CLANG_ANALYZER_NUMBER_OBJECT_CONVERSION = YES_AGGRESSIVE;
				CLANG_CXX_LANGUAGE_STANDARD = "gnu++14";
				CLANG_CXX_LIBRARY = "libc++";
				CLANG_ENABLE_MODULES = YES;
				CLANG_ENABLE_OBJC_ARC = YES;
				CLANG_ENABLE_OBJC_WEAK = YES;
				CLANG_WARN_BLOCK_CAPTURE_AUTORELEASING = YES;
				CLANG_WARN_BOOL_CONVERSION = YES;
				CLANG_WARN_COMMA = YES;
				CLANG_WARN_CONSTANT_CONVERSION = YES;
				CLANG_WARN_DEPRECATED_OBJC_IMPLEMENTATIONS = YES;
				CLANG_WARN_DIRECT_OBJC_ISA_USAGE = YES_ERROR;
				CLANG_WARN_DOCUMENTATION_COMMENTS = YES;
				CLANG_WARN_EMPTY_BODY = YES;
				CLANG_WARN_ENUM_CONVERSION = YES;
				CLANG_WARN_INFINITE_RECURSION = YES;
				CLANG_WARN_INT_CONVERSION = YES;
				CLANG_WARN_NON_LITERAL_NULL_CONVERSION = YES;
				CLANG_WARN_OBJC_IMPLICIT_RETAIN_SELF = YES;
				CLANG_WARN_OBJC_LITERAL_CONVERSION = YES;
				CLANG_WARN_OBJC_ROOT_CLASS = YES_ERROR;
				CLANG_WARN_RANGE_LOOP_ANALYSIS = YES;
				CLANG_WARN_STRICT_PROTOTYPES = YES;
				CLANG_WARN_SUSPICIOUS_MOVE = YES;
				CLANG_WARN_UNGUARDED_AVAILABILITY = YES_AGGRESSIVE;
				CLANG_WARN_UNREACHABLE_CODE = YES;
				CLANG_WARN__DUPLICATE_METHOD_MATCH = YES;
				COPY_PHASE_STRIP = NO;
				DEBUG_INFORMATION_FORMAT = "dwarf-with-dsym";
				ENABLE_NS_ASSERTIONS = NO;
				ENABLE_STRICT_OBJC_MSGSEND = YES;
				GCC_C_LANGUAGE_STANDARD = gnu11;
				GCC_NO_COMMON_BLOCKS = YES;
				GCC_WARN_64_TO_32_BIT_CONVERSION = YES;
				GCC_WARN_ABOUT_RETURN_TYPE = YES_ERROR;
				GCC_WARN_UNDECLARED_SELECTOR = YES;
				GCC_WARN_UNINITIALIZED_AUTOS = YES_AGGRESSIVE;
				GCC_WARN_UNUSED_FUNCTION = YES;
				GCC_WARN_UNUSED_VARIABLE = YES;
				IPHONEOS_DEPLOYMENT_TARGET = 13.4;
				MTL_ENABLE_DEBUG_INFO = NO;
				MTL_FAST_MATH = YES;
				SDKROOT = iphoneos;
				SWIFT_COMPILATION_MODE = wholemodule;
				SWIFT_OPTIMIZATION_LEVEL = "-O";
				VALIDATE_PRODUCT = YES;
			};
			name = Release;
		};
		F37B6A4F243E33030076E5D7 /* Debug */ = {
			isa = XCBuildConfiguration;
			buildSettings = {
				ASSETCATALOG_COMPILER_APPICON_NAME = AppIcon;
				CODE_SIGN_STYLE = Automatic;
				DEVELOPMENT_TEAM = DFVB576FM8;
				INFOPLIST_FILE = "rumikub-solver/Info.plist";
				LD_RUNPATH_SEARCH_PATHS = (
					"$(inherited)",
					"@executable_path/Frameworks",
				);
				PRODUCT_BUNDLE_IDENTIFIER = "skite.rumikub-solver";
				PRODUCT_NAME = "$(TARGET_NAME)";
				SWIFT_VERSION = 5.0;
				TARGETED_DEVICE_FAMILY = "1,2";
			};
			name = Debug;
		};
		F37B6A50243E33030076E5D7 /* Release */ = {
			isa = XCBuildConfiguration;
			buildSettings = {
				ASSETCATALOG_COMPILER_APPICON_NAME = AppIcon;
				CODE_SIGN_STYLE = Automatic;
				DEVELOPMENT_TEAM = DFVB576FM8;
				INFOPLIST_FILE = "rumikub-solver/Info.plist";
				LD_RUNPATH_SEARCH_PATHS = (
					"$(inherited)",
					"@executable_path/Frameworks",
				);
				PRODUCT_BUNDLE_IDENTIFIER = "skite.rumikub-solver";
				PRODUCT_NAME = "$(TARGET_NAME)";
				SWIFT_VERSION = 5.0;
				TARGETED_DEVICE_FAMILY = "1,2";
			};
			name = Release;
		};
/* End XCBuildConfiguration section */

/* Begin XCConfigurationList section */
		F37B6A35243E33010076E5D7 /* Build configuration list for PBXProject "rumikub-solver" */ = {
			isa = XCConfigurationList;
			buildConfigurations = (
				F37B6A4C243E33030076E5D7 /* Debug */,
				F37B6A4D243E33030076E5D7 /* Release */,
			);
			defaultConfigurationIsVisible = 0;
			defaultConfigurationName = Release;
		};
		F37B6A4E243E33030076E5D7 /* Build configuration list for PBXNativeTarget "rumikub-solver" */ = {
			isa = XCConfigurationList;
			buildConfigurations = (
				F37B6A4F243E33030076E5D7 /* Debug */,
				F37B6A50243E33030076E5D7 /* Release */,
			);
			defaultConfigurationIsVisible = 0;
			defaultConfigurationName = Release;
		};
/* End XCConfigurationList section */
	};
	rootObject = F37B6A32243E33010076E5D7 /* Project object */;
}
